
Microsoft Visual Studio Solution File, Format Version 12.00
# Visual Studio Version 17
VisualStudioVersion = 17.11.35431.28
MinimumVisualStudioVersion = 10.0.40219.1
Project("{9A19103F-16F7-4668-BE54-9A1E7A4F7556}") = "TinyTerrain", "TerrainLib\TinyTerrain.csproj", "{7CD31E06-A4A4-4181-B39E-C452177872DC}"
EndProject
Project("{FAE04EC0-301F-11D3-BF4B-00C04F79EFBC}") = "TinyTerrainTests", "TinyTerrainTests\TinyTerrainTests.csproj", "{1B0300E1-CC4D-4942-8709-145379B91C92}"
EndProject
Global
	GlobalSection(SolutionConfigurationPlatforms) = preSolution
		Debug|Any CPU = Debug|Any CPU
		Release|Any CPU = Release|Any CPU
	EndGlobalSection
	GlobalSection(ProjectConfigurationPlatforms) = postSolution
		{7CD31E06-A4A4-4181-B39E-C452177872DC}.Debug|Any CPU.ActiveCfg = Debug|Any CPU
		{7CD31E06-A4A4-4181-B39E-C452177872DC}.Debug|Any CPU.Build.0 = Debug|Any CPU
		{7CD31E06-A4A4-4181-B39E-C452177872DC}.Release|Any CPU.ActiveCfg = Release|Any CPU
		{7CD31E06-A4A4-4181-B39E-C452177872DC}.Release|Any CPU.Build.0 = Release|Any CPU
		{1B0300E1-CC4D-4942-8709-145379B91C92}.Debug|Any CPU.ActiveCfg = Debug|Any CPU
		{1B0300E1-CC4D-4942-8709-145379B91C92}.Debug|Any CPU.Build.0 = Debug|Any CPU
		{1B0300E1-CC4D-4942-8709-145379B91C92}.Release|Any CPU.ActiveCfg = Release|Any CPU
		{1B0300E1-CC4D-4942-8709-145379B91C92}.Release|Any CPU.Build.0 = Release|Any CPU
	EndGlobalSection
	GlobalSection(SolutionProperties) = preSolution
		HideSolutionNode = FALSE
	EndGlobalSection
	GlobalSection(ExtensibilityGlobals) = postSolution
		SolutionGuid = {6C603ABB-4E5F-4F79-8E68-1098624AEE02}
	EndGlobalSection
EndGlobal
